
Microsoft Visual Studio Solution File, Format Version 12.00
# Visual Studio 15
VisualStudioVersion = 15.0.28307.539
MinimumVisualStudioVersion = 10.0.40219.1
Project("{8BC9CEB8-8B4A-11D0-8D11-00A0C91BC942}") = "SecretSharingPort", "SecretSharingPort\SecretSharingPort.vcxproj", "{94FD61A2-D90F-4123-8F80-785EF8CFE7B0}"
EndProject
Global
	GlobalSection(SolutionConfigurationPlatforms) = preSolution
		Debug|x64 = Debug|x64
		Debug|x86 = Debug|x86
		Release|x64 = Release|x64
		Release|x86 = Release|x86
	EndGlobalSection
	GlobalSection(ProjectConfigurationPlatforms) = postSolution
		{94FD61A2-D90F-4123-8F80-785EF8CFE7B0}.Debug|x64.ActiveCfg = Debug|x64
		{94FD61A2-D90F-4123-8F80-785EF8CFE7B0}.Debug|x64.Build.0 = Debug|x64
		{94FD61A2-D90F-4123-8F80-785EF8CFE7B0}.Debug|x86.ActiveCfg = Debug|Win32
		{94FD61A2-D90F-4123-8F80-785EF8CFE7B0}.Debug|x86.Build.0 = Debug|Win32
		{94FD61A2-D90F-4123-8F80-785EF8CFE7B0}.Release|x64.ActiveCfg = Release|x64
		{94FD61A2-D90F-4123-8F80-785EF8CFE7B0}.Release|x64.Build.0 = Release|x64
		{94FD61A2-D90F-4123-8F80-785EF8CFE7B0}.Release|x86.ActiveCfg = Release|Win32
		{94FD61A2-D90F-4123-8F80-785EF8CFE7B0}.Release|x86.Build.0 = Release|Win32
	EndGlobalSection
	GlobalSection(SolutionProperties) = preSolution
		HideSolutionNode = FALSE
	EndGlobalSection
	GlobalSection(ExtensibilityGlobals) = postSolution
		SolutionGuid = {4489919C-6DC6-4FA0-870D-61D8661C7A91}
	EndGlobalSection
EndGlobal
